
Microsoft Visual Studio Solution File, Format Version 12.00
# Visual Studio Version 17
VisualStudioVersion = 17.8.34511.84
MinimumVisualStudioVersion = 10.0.40219.1
Project("{9A19103F-16F7-4668-BE54-9A1E7A4F7556}") = "SlugpupStuff", "src\SlugpupStuff.csproj", "{BDBDDFA2-ABE8-4958-A4A4-A1E7BE04415E}"
EndProject
Global
	GlobalSection(SolutionConfigurationPlatforms) = preSolution
		Debug|Any CPU = Debug|Any CPU
		Release|Any CPU = Release|Any CPU
	EndGlobalSection
	GlobalSection(ProjectConfigurationPlatforms) = postSolution
		{BDBDDFA2-ABE8-4958-A4A4-A1E7BE04415E}.Debug|Any CPU.ActiveCfg = Debug|Any CPU
		{BDBDDFA2-ABE8-4958-A4A4-A1E7BE04415E}.Debug|Any CPU.Build.0 = Debug|Any CPU
		{BDBDDFA2-ABE8-4958-A4A4-A1E7BE04415E}.Release|Any CPU.ActiveCfg = Release|Any CPU
		{BDBDDFA2-ABE8-4958-A4A4-A1E7BE04415E}.Release|Any CPU.Build.0 = Release|Any CPU
	EndGlobalSection
	GlobalSection(SolutionProperties) = preSolution
		HideSolutionNode = FALSE
	EndGlobalSection
	GlobalSection(ExtensibilityGlobals) = postSolution
		SolutionGuid = {FC565E51-EBF0-424D-866D-724A877DEBD9}
	EndGlobalSection
EndGlobal
